{
  "requires": true,
  "lockfileVersion": 1,
  "dependencies": {
    "angular-progress-bar": {
      "version": "1.0.11",
      "resolved": "https://registry.npmjs.org/angular-progress-bar/-/angular-progress-bar-1.0.11.tgz",
      "integrity": "sha512-VlBEna/LpPGtodlqby1kQN5MB4pGrZJNUQX6pparH3ak7mtRmcbkxnk4wbQMaLxs3YpGWB3alEbtXJmtR4tXHw==",
      "requires": {
        "tslib": "^1.9.0"
      }
    },
    "tslib": {
      "version": "1.13.0",
      "resolved": "https://registry.npmjs.org/tslib/-/tslib-1.13.0.tgz",
      "integrity": "sha512-i/6DQjL8Xf3be4K/E6Wgpekn5Qasl1usyw++dAA35Ue5orEn65VIxOA+YvNNl9HV3qv70T7CNwjODHZrLwvd1Q=="
    }
  }
}
